github.com/klauspost/compress v1.15.13 h1:NFn1Wr8cfnenSJSA46lLq4wHCcBzKTSjnBIexDMMOV0=
github.com/klauspost/compress v1.15.13/go.mod h1:QPwzmACJjUTFsnSHH934V6woptycfrDDJnH7hvFVbGM=
github.com/valyala/gozstd v1.17.0 h1:M4Ds4MIrw+pD+s6vYtuFZ8D3iEw9htzfdytOV3C3iQU=
github.com/valyala/gozstd v1.17.0/go.mod h1:y5Ew47GLlP37EkTB+B4s7r6A5rdaeB7ftbl9zoYiIPQ=
